<?xml version="1.0" encoding="utf-8"?>
<Project ToolsVersion="4.0" xmlns="http://schemas.microsoft.com/developer/msbuild/2003">
  <ItemGroup>
    <Filter Include="Source Files">
      <UniqueIdentifier>{4FC737F1-C7A5-4376-A066-2A32D752A2FF}</UniqueIdentifier>
      <Extensions>cpp;c;cc;cxx;def;odl;idl;hpj;bat;asm;asmx</Extensions>
    </Filter>
    <Filter Include="Header Files">
      <UniqueIdentifier>{93995380-89BD-4b04-88EB-625FBE52EBFB}</UniqueIdentifier>
      <Extensions>h;hh;hpp;hxx;hm;inl;inc;ipp;xsd</Extensions>
    </Filter>
    <Filter Include="Resource Files">
      <UniqueIdentifier>{67DA6AB6-F800-4c08-8B7A-83BB121AAD01}</UniqueIdentifier>
      <Extensions>rc;ico;cur;bmp;dlg;rc2;rct;bin;rgs;gif;jpg;jpeg;jpe;resx;tiff;tif;png;wav;mfcribbon-ms</Extensions>
    </Filter>
    <Filter Include="Shared">
      <UniqueIdentifier>{e4e487a0-9dda-412e-b1c6-d1dd25a84518}</UniqueIdentifier>
    </Filter>
    <Filter Include="Shared\XMLParser">
      <UniqueIdentifier>{6c8cdaa9-ce3b-4306-b27b-758d6be856fb}</UniqueIdentifier>
    </Filter>
  </ItemGroup>
  <ItemGroup>
    <ClCompile Include="src\main.cpp">
      <Filter>Source Files</Filter>
    </ClCompile>
    <ClCompile Include="src\Server.cpp">
      <Filter>Source Files</Filter>
    </ClCompile>
    <ClCompile Include="..\Shared\XMLParser\Base64.cpp">
      <Filter>Shared\XMLParser</Filter>
    </ClCompile>
    <ClCompile Include="..\Shared\XMLParser\tinyxml.cpp">
      <Filter>Shared\XMLParser</Filter>
    </ClCompile>
    <ClCompile Include="..\Shared\XMLParser\tinyxmlerror.cpp">
      <Filter>Shared\XMLParser</Filter>
    </ClCompile>
    <ClCompile Include="..\Shared\XMLParser\tinyxmlparser.cpp">
      <Filter>Shared\XMLParser</Filter>
    </ClCompile>
    <ClCompile Include="..\Shared\XMLParser\XMLParser.cpp">
      <Filter>Shared\XMLParser</Filter>
    </ClCompile>
    <ClCompile Include="..\SFML\include\SFML\Network\Packet.cpp">
      <Filter>Shared</Filter>
    </ClCompile>
    <ClCompile Include="..\Shared\Timer.cpp">
      <Filter>Shared</Filter>
    </ClCompile>
    <ClCompile Include="..\Shared\Utilities.cpp">
      <Filter>Shared</Filter>
    </ClCompile>
    <ClCompile Include="..\Shared\Resources.cpp">
      <Filter>Shared</Filter>
    </ClCompile>
    <ClCompile Include="..\Shared\Texture.cpp">
      <Filter>Shared</Filter>
    </ClCompile>
    <ClCompile Include="src\PathFinding.cpp">
      <Filter>Source Files</Filter>
    </ClCompile>
    <ClCompile Include="..\Shared\Player.cpp">
      <Filter>Shared</Filter>
    </ClCompile>
    <ClCompile Include="..\Shared\GameObject.cpp">
      <Filter>Shared</Filter>
    </ClCompile>
    <ClCompile Include="src\PlayerServer.cpp">
      <Filter>Source Files</Filter>
    </ClCompile>
    <ClCompile Include="BombServer.cpp">
      <Filter>Source Files</Filter>
    </ClCompile>
    <ClCompile Include="src\PlayerServerAI.cpp">
      <Filter>Source Files</Filter>
    </ClCompile>
  </ItemGroup>
  <ItemGroup>
    <ClInclude Include="..\Shared\ServerMessageType.h">
      <Filter>Shared</Filter>
    </ClInclude>
    <ClInclude Include="..\Shared\NonCopyable.h">
      <Filter>Shared</Filter>
    </ClInclude>
    <ClInclude Include="..\Shared\TileLayer.h">
      <Filter>Shared</Filter>
    </ClInclude>
    <ClInclude Include="..\Shared\XMLParser\Base64.h">
      <Filter>Shared\XMLParser</Filter>
    </ClInclude>
    <ClInclude Include="..\Shared\XMLParser\tinyxml.h">
      <Filter>Shared\XMLParser</Filter>
    </ClInclude>
    <ClInclude Include="..\Shared\XMLParser\XMLParser.h">
      <Filter>Shared\XMLParser</Filter>
    </ClInclude>
    <ClInclude Include="..\Shared\ServerMessages.h">
      <Filter>Shared</Filter>
    </ClInclude>
    <ClInclude Include="..\Shared\PlayerControllerType.h">
      <Filter>Shared</Filter>
    </ClInclude>
    <ClInclude Include="..\Shared\Direction.h">
      <Filter>Shared</Filter>
    </ClInclude>
    <ClInclude Include="..\SFML\include\SFML\Network\Packet.hpp">
      <Filter>Shared</Filter>
    </ClInclude>
    <ClInclude Include="..\Shared\Timer.h">
      <Filter>Shared</Filter>
    </ClInclude>
    <ClInclude Include="..\Shared\Utilities.h">
      <Filter>Shared</Filter>
    </ClInclude>
    <ClInclude Include="..\Shared\Resources.h">
      <Filter>Shared</Filter>
    </ClInclude>
    <ClInclude Include="..\Shared\Texture.h">
      <Filter>Shared</Filter>
    </ClInclude>
    <ClInclude Include="..\Shared\CollidableTile.h">
      <Filter>Shared</Filter>
    </ClInclude>
    <ClInclude Include="src\PathFinding.h">
      <Filter>Header Files</Filter>
    </ClInclude>
    <ClInclude Include="..\Shared\Player.h">
      <Filter>Shared</Filter>
    </ClInclude>
    <ClInclude Include="src\Server.h">
      <Filter>Header Files</Filter>
    </ClInclude>
    <ClInclude Include="..\Shared\GameObjectType.h">
      <Filter>Shared</Filter>
    </ClInclude>
    <ClInclude Include="..\Shared\GameObject.h">
      <Filter>Shared</Filter>
    </ClInclude>
    <ClInclude Include="src\PlayerServer.h">
      <Filter>Header Files</Filter>
    </ClInclude>
    <ClInclude Include="src\BombServer.h">
      <Filter>Header Files</Filter>
    </ClInclude>
    <ClInclude Include="src\PlayerServerAI.h">
      <Filter>Header Files</Filter>
    </ClInclude>
    <ClInclude Include="..\Shared\TileID.h">
      <Filter>Shared</Filter>
    </ClInclude>
  </ItemGroup>
</Project>